
Microsoft Visual Studio Solution File, Format Version 12.00
# Visual Studio Version 17
VisualStudioVersion = 17.6.33815.320
MinimumVisualStudioVersion = 10.0.40219.1
Project("{FAE04EC0-301F-11D3-BF4B-00C04F79EFBC}") = "Assign6", "Assign6\Assign6.csproj", "{9D8CF4AB-D142-429A-8310-929C47FDF72C}"
EndProject
Global
	GlobalSection(SolutionConfigurationPlatforms) = preSolution
		Debug|Any CPU = Debug|Any CPU
		Release|Any CPU = Release|Any CPU
	EndGlobalSection
	GlobalSection(ProjectConfigurationPlatforms) = postSolution
		{9D8CF4AB-D142-429A-8310-929C47FDF72C}.Debug|Any CPU.ActiveCfg = Debug|Any CPU
		{9D8CF4AB-D142-429A-8310-929C47FDF72C}.Debug|Any CPU.Build.0 = Debug|Any CPU
		{9D8CF4AB-D142-429A-8310-929C47FDF72C}.Release|Any CPU.ActiveCfg = Release|Any CPU
		{9D8CF4AB-D142-429A-8310-929C47FDF72C}.Release|Any CPU.Build.0 = Release|Any CPU
	EndGlobalSection
	GlobalSection(SolutionProperties) = preSolution
		HideSolutionNode = FALSE
	EndGlobalSection
	GlobalSection(ExtensibilityGlobals) = postSolution
		SolutionGuid = {7887EEDC-E332-44C2-BBDF-D9AC204D5D7D}
	EndGlobalSection
EndGlobal
